
Microsoft Visual Studio Solution File, Format Version 12.00
# Visual Studio Version 16
VisualStudioVersion = 16.0.34407.143
MinimumVisualStudioVersion = 10.0.40219.1
Project("{FAE04EC0-301F-11D3-BF4B-00C04F79EFBC}") = "KitchenStoryApp", "KitchenStoryApp\KitchenStoryApp.csproj", "{63621457-AD93-4346-B311-771B795926D0}"
EndProject
Project("{FAE04EC0-301F-11D3-BF4B-00C04F79EFBC}") = "AdminLibrary", "AdminLibrary\AdminLibrary.csproj", "{1CCCA491-2FF6-47F4-8EB2-761A0081E79D}"
EndProject
Project("{FAE04EC0-301F-11D3-BF4B-00C04F79EFBC}") = "FoodLibrary", "FoodLibrary\FoodLibrary.csproj", "{787EB3EB-41EC-4B3A-B05E-1F1E0814FD63}"
EndProject
Global
	GlobalSection(SolutionConfigurationPlatforms) = preSolution
		Debug|Any CPU = Debug|Any CPU
		Release|Any CPU = Release|Any CPU
	EndGlobalSection
	GlobalSection(ProjectConfigurationPlatforms) = postSolution
		{63621457-AD93-4346-B311-771B795926D0}.Debug|Any CPU.ActiveCfg = Debug|Any CPU
		{63621457-AD93-4346-B311-771B795926D0}.Debug|Any CPU.Build.0 = Debug|Any CPU
		{63621457-AD93-4346-B311-771B795926D0}.Release|Any CPU.ActiveCfg = Release|Any CPU
		{63621457-AD93-4346-B311-771B795926D0}.Release|Any CPU.Build.0 = Release|Any CPU
		{1CCCA491-2FF6-47F4-8EB2-761A0081E79D}.Debug|Any CPU.ActiveCfg = Debug|Any CPU
		{1CCCA491-2FF6-47F4-8EB2-761A0081E79D}.Debug|Any CPU.Build.0 = Debug|Any CPU
		{1CCCA491-2FF6-47F4-8EB2-761A0081E79D}.Release|Any CPU.ActiveCfg = Release|Any CPU
		{1CCCA491-2FF6-47F4-8EB2-761A0081E79D}.Release|Any CPU.Build.0 = Release|Any CPU
		{787EB3EB-41EC-4B3A-B05E-1F1E0814FD63}.Debug|Any CPU.ActiveCfg = Debug|Any CPU
		{787EB3EB-41EC-4B3A-B05E-1F1E0814FD63}.Debug|Any CPU.Build.0 = Debug|Any CPU
		{787EB3EB-41EC-4B3A-B05E-1F1E0814FD63}.Release|Any CPU.ActiveCfg = Release|Any CPU
		{787EB3EB-41EC-4B3A-B05E-1F1E0814FD63}.Release|Any CPU.Build.0 = Release|Any CPU
	EndGlobalSection
	GlobalSection(SolutionProperties) = preSolution
		HideSolutionNode = FALSE
	EndGlobalSection
	GlobalSection(ExtensibilityGlobals) = postSolution
		SolutionGuid = {4F56D58F-BAD1-4242-9EDD-35BB4EAF6538}
	EndGlobalSection
EndGlobal
